
Microsoft Visual Studio Solution File, Format Version 12.00
# Visual Studio 15
VisualStudioVersion = 15.0.28010.2036
MinimumVisualStudioVersion = 10.0.40219.1
Project("{FAE04EC0-301F-11D3-BF4B-00C04F79EFBC}") = "nullable types", "nullable types\nullable types.csproj", "{BB8D0AE6-8BF1-4D7C-98A0-22FDA8E9EF97}"
EndProject
Global
	GlobalSection(SolutionConfigurationPlatforms) = preSolution
		Debug|Any CPU = Debug|Any CPU
		Release|Any CPU = Release|Any CPU
	EndGlobalSection
	GlobalSection(ProjectConfigurationPlatforms) = postSolution
		{BB8D0AE6-8BF1-4D7C-98A0-22FDA8E9EF97}.Debug|Any CPU.ActiveCfg = Debug|Any CPU
		{BB8D0AE6-8BF1-4D7C-98A0-22FDA8E9EF97}.Debug|Any CPU.Build.0 = Debug|Any CPU
		{BB8D0AE6-8BF1-4D7C-98A0-22FDA8E9EF97}.Release|Any CPU.ActiveCfg = Release|Any CPU
		{BB8D0AE6-8BF1-4D7C-98A0-22FDA8E9EF97}.Release|Any CPU.Build.0 = Release|Any CPU
	EndGlobalSection
	GlobalSection(SolutionProperties) = preSolution
		HideSolutionNode = FALSE
	EndGlobalSection
	GlobalSection(ExtensibilityGlobals) = postSolution
		SolutionGuid = {21DE64D1-DF62-45DF-BF3F-DBBBCC826E7B}
	EndGlobalSection
EndGlobal
